
Microsoft Visual Studio Solution File, Format Version 12.00
# Visual Studio 15
VisualStudioVersion = 15.0.28307.489
MinimumVisualStudioVersion = 10.0.40219.1
Project("{FAE04EC0-301F-11D3-BF4B-00C04F79EFBC}") = "DongMing_Hu_CPRG200_Lab4", "DongMing_Hu_CPRG200_Lab4\DongMing_Hu_CPRG200_Lab4.csproj", "{B22EFB0F-EC5C-4DAD-8194-B8ACB6F8F67F}"
EndProject
Global
	GlobalSection(SolutionConfigurationPlatforms) = preSolution
		Debug|Any CPU = Debug|Any CPU
		Release|Any CPU = Release|Any CPU
	EndGlobalSection
	GlobalSection(ProjectConfigurationPlatforms) = postSolution
		{B22EFB0F-EC5C-4DAD-8194-B8ACB6F8F67F}.Debug|Any CPU.ActiveCfg = Debug|Any CPU
		{B22EFB0F-EC5C-4DAD-8194-B8ACB6F8F67F}.Debug|Any CPU.Build.0 = Debug|Any CPU
		{B22EFB0F-EC5C-4DAD-8194-B8ACB6F8F67F}.Release|Any CPU.ActiveCfg = Release|Any CPU
		{B22EFB0F-EC5C-4DAD-8194-B8ACB6F8F67F}.Release|Any CPU.Build.0 = Release|Any CPU
	EndGlobalSection
	GlobalSection(SolutionProperties) = preSolution
		HideSolutionNode = FALSE
	EndGlobalSection
	GlobalSection(ExtensibilityGlobals) = postSolution
		SolutionGuid = {E349DC25-0DF8-42FD-88D2-97CFA2F575D3}
	EndGlobalSection
EndGlobal
